// !$*UTF8*$!
{
	archiveVersion = 1;
	classes = {
	};
	objectVersion = 46;
	objects = {

/* Begin PBXBuildFile section */
		58C462931D37D34D001BC26A /* KSYMediaPlayerDy.framework in Frameworks */ = {isa = PBXBuildFile; fileRef = 58C462921D37D34D001BC26A /* KSYMediaPlayerDy.framework */; };
		58C462951D37D365001BC26A /* KSYMediaPlayerDy.framework in Embed Frameworks */ = {isa = PBXBuildFile; fileRef = 58C462941D37D365001BC26A /* KSYMediaPlayerDy.framework */; settings = {ATTRIBUTES = (CodeSignOnCopy, RemoveHeadersOnCopy, ); }; };
		58C462971D37D376001BC26A /* KSYMediaPlayer.framework in Frameworks */ = {isa = PBXBuildFile; fileRef = 58C462961D37D376001BC26A /* KSYMediaPlayer.framework */; };
		740BACD61D2227CF00CAD4EB /* ViewController.m in Sources */ = {isa = PBXBuildFile; fileRef = 955FDFC51CCF3EC300B37F54 /* ViewController.m */; };
		740BACD71D2227CF00CAD4EB /* QRViewController.m in Sources */ = {isa = PBXBuildFile; fileRef = 95B4A4111CC085BE00CB6804 /* QRViewController.m */; };
		740BACD81D2227CF00CAD4EB /* KSYSQLite.m in Sources */ = {isa = PBXBuildFile; fileRef = 95B4A40D1CC085BE00CB6804 /* KSYSQLite.m */; };
		740BACD91D2227CF00CAD4EB /* KSYPlayerVC.m in Sources */ = {isa = PBXBuildFile; fileRef = 7452D2161C198D38006DB5CC /* KSYPlayerVC.m */; };
		740BACDA1D2227CF00CAD4EB /* AppDelegate.m in Sources */ = {isa = PBXBuildFile; fileRef = 74B9ED5F1C158675003149E9 /* AppDelegate.m */; };
		740BACDB1D2227CF00CAD4EB /* KSYDBCreater.m in Sources */ = {isa = PBXBuildFile; fileRef = E328B4D71CCE087400BD31FC /* KSYDBCreater.m */; };
		740BACDC1D2227CF00CAD4EB /* KSYSQLiteManager.m in Sources */ = {isa = PBXBuildFile; fileRef = 95B4A40F1CC085BE00CB6804 /* KSYSQLiteManager.m */; };
		740BACDD1D2227CF00CAD4EB /* KSYLiveVC.m in Sources */ = {isa = PBXBuildFile; fileRef = 95B4A40B1CC085BE00CB6804 /* KSYLiveVC.m */; };
		740BACDE1D2227CF00CAD4EB /* main.m in Sources */ = {isa = PBXBuildFile; fileRef = 74B9ED5C1C158675003149E9 /* main.m */; };
		740BACE21D2227CF00CAD4EB /* libsqlite3.tbd in Frameworks */ = {isa = PBXBuildFile; fileRef = 7C9220B91C984FC9005EF1D1 /* libsqlite3.tbd */; };
		740BACE91D2227CF00CAD4EB /* LaunchScreen.storyboard in Resources */ = {isa = PBXBuildFile; fileRef = 74B9ED691C158675003149E9 /* LaunchScreen.storyboard */; };
		740BACEA1D2227CF00CAD4EB /* Assets.xcassets in Resources */ = {isa = PBXBuildFile; fileRef = 74B9ED671C158675003149E9 /* Assets.xcassets */; };
		740BACEB1D2227CF00CAD4EB /* Main.storyboard in Resources */ = {isa = PBXBuildFile; fileRef = 74B9ED641C158675003149E9 /* Main.storyboard */; };
		7452D2171C198D38006DB5CC /* KSYPlayerVC.m in Sources */ = {isa = PBXBuildFile; fileRef = 7452D2161C198D38006DB5CC /* KSYPlayerVC.m */; };
		74B9ED5D1C158675003149E9 /* main.m in Sources */ = {isa = PBXBuildFile; fileRef = 74B9ED5C1C158675003149E9 /* main.m */; };
		74B9ED601C158675003149E9 /* AppDelegate.m in Sources */ = {isa = PBXBuildFile; fileRef = 74B9ED5F1C158675003149E9 /* AppDelegate.m */; };
		74B9ED661C158675003149E9 /* Main.storyboard in Resources */ = {isa = PBXBuildFile; fileRef = 74B9ED641C158675003149E9 /* Main.storyboard */; };
		74B9ED681C158675003149E9 /* Assets.xcassets in Resources */ = {isa = PBXBuildFile; fileRef = 74B9ED671C158675003149E9 /* Assets.xcassets */; };
		74B9ED6B1C158675003149E9 /* LaunchScreen.storyboard in Resources */ = {isa = PBXBuildFile; fileRef = 74B9ED691C158675003149E9 /* LaunchScreen.storyboard */; };
		74B9EE291C159629003149E9 /* libz.tbd in Frameworks */ = {isa = PBXBuildFile; fileRef = 74B9EE281C159629003149E9 /* libz.tbd */; };
		74B9EE2B1C159630003149E9 /* libbz2.tbd in Frameworks */ = {isa = PBXBuildFile; fileRef = 74B9EE2A1C159630003149E9 /* libbz2.tbd */; };
		74B9EE2F1C159643003149E9 /* libstdc++.6.tbd in Frameworks */ = {isa = PBXBuildFile; fileRef = 74B9EE2E1C159643003149E9 /* libstdc++.6.tbd */; };
		74B9EE311C159649003149E9 /* VideoToolbox.framework in Frameworks */ = {isa = PBXBuildFile; fileRef = 74B9EE301C159649003149E9 /* VideoToolbox.framework */; };
		7C89723D1C461FBC00535BC8 /* SystemConfiguration.framework in Frameworks */ = {isa = PBXBuildFile; fileRef = 7C89723C1C461FBC00535BC8 /* SystemConfiguration.framework */; };
		7C9220BA1C984FC9005EF1D1 /* libsqlite3.tbd in Frameworks */ = {isa = PBXBuildFile; fileRef = 7C9220B91C984FC9005EF1D1 /* libsqlite3.tbd */; };
		955FDFC61CCF3EC300B37F54 /* ViewController.m in Sources */ = {isa = PBXBuildFile; fileRef = 955FDFC51CCF3EC300B37F54 /* ViewController.m */; };
		95B4A4121CC085BE00CB6804 /* KSYLiveVC.m in Sources */ = {isa = PBXBuildFile; fileRef = 95B4A40B1CC085BE00CB6804 /* KSYLiveVC.m */; };
		95B4A4131CC085BE00CB6804 /* KSYSQLite.m in Sources */ = {isa = PBXBuildFile; fileRef = 95B4A40D1CC085BE00CB6804 /* KSYSQLite.m */; };
		95B4A4141CC085BE00CB6804 /* KSYSQLiteManager.m in Sources */ = {isa = PBXBuildFile; fileRef = 95B4A40F1CC085BE00CB6804 /* KSYSQLiteManager.m */; };
		95B4A4151CC085BE00CB6804 /* QRViewController.m in Sources */ = {isa = PBXBuildFile; fileRef = 95B4A4111CC085BE00CB6804 /* QRViewController.m */; };
		E328B4D81CCE087400BD31FC /* KSYDBCreater.m in Sources */ = {isa = PBXBuildFile; fileRef = E328B4D71CCE087400BD31FC /* KSYDBCreater.m */; };
/* End PBXBuildFile section */

/* Begin PBXContainerItemProxy section */
		740BACD41D2227CF00CAD4EB /* PBXContainerItemProxy */ = {
			isa = PBXContainerItemProxy;
			containerPortal = 74B9EE061C158DBA003149E9 /* IJKMediaPlayer.xcodeproj */;
			proxyType = 1;
			remoteGlobalIDString = 746169441D211B17005941DF;
			remoteInfo = KSYMediaDynamic;
		};
		740BACFF1D22290800CAD4EB /* PBXContainerItemProxy */ = {
			isa = PBXContainerItemProxy;
			containerPortal = 74B9EE061C158DBA003149E9 /* IJKMediaPlayer.xcodeproj */;
			proxyType = 1;
			remoteGlobalIDString = 7452FC091C156E2900193E20;
			remoteInfo = KSYMediaPlayer;
		};
		7461695E1D211F44005941DF /* PBXContainerItemProxy */ = {
			isa = PBXContainerItemProxy;
			containerPortal = 74B9EE061C158DBA003149E9 /* IJKMediaPlayer.xcodeproj */;
			proxyType = 2;
			remoteGlobalIDString = 746169451D211B17005941DF;
			remoteInfo = KSYMediaDynamic;
		};
		74B9EE121C158DBB003149E9 /* PBXContainerItemProxy */ = {
			isa = PBXContainerItemProxy;
			containerPortal = 74B9EE061C158DBA003149E9 /* IJKMediaPlayer.xcodeproj */;
			proxyType = 2;
			remoteGlobalIDString = 7452FBEF1C156E1000193E20;
			remoteInfo = KSYPlayerCore;
		};
		74B9EE141C158DBB003149E9 /* PBXContainerItemProxy */ = {
			isa = PBXContainerItemProxy;
			containerPortal = 74B9EE061C158DBA003149E9 /* IJKMediaPlayer.xcodeproj */;
			proxyType = 2;
			remoteGlobalIDString = 7452FBFC1C156E2000193E20;
			remoteInfo = KSYMediaPlayerCore;
		};
		74B9EE161C158DBB003149E9 /* PBXContainerItemProxy */ = {
			isa = PBXContainerItemProxy;
			containerPortal = 74B9EE061C158DBA003149E9 /* IJKMediaPlayer.xcodeproj */;
			proxyType = 2;
			remoteGlobalIDString = 7452FC0A1C156E2900193E20;
			remoteInfo = KSYMediaPlayer;
		};
/* End PBXContainerItemProxy section */

/* Begin PBXCopyFilesBuildPhase section */
		740BACEC1D2227CF00CAD4EB /* Embed Frameworks */ = {
			isa = PBXCopyFilesBuildPhase;
			buildActionMask = 2147483647;
			dstPath = "";
			dstSubfolderSpec = 10;
			files = (
				58C462951D37D365001BC26A /* KSYMediaPlayerDy.framework in Embed Frameworks */,
			);
			name = "Embed Frameworks";
			runOnlyForDeploymentPostprocessing = 0;
		};
		7461698C1D214AE5005941DF /* Embed Frameworks */ = {
			isa = PBXCopyFilesBuildPhase;
			buildActionMask = 2147483647;
			dstPath = "";
			dstSubfolderSpec = 10;
			files = (
			);
			name = "Embed Frameworks";
			runOnlyForDeploymentPostprocessing = 0;
		};
/* End PBXCopyFilesBuildPhase section */

/* Begin PBXFileReference section */
		58C462921D37D34D001BC26A /* KSYMediaPlayerDy.framework */ = {isa = PBXFileReference; lastKnownFileType = wrapper.framework; name = KSYMediaPlayerDy.framework; path = ../framework/live/KSYMediaPlayerDy.framework; sourceTree = "<group>"; };
		58C462941D37D365001BC26A /* KSYMediaPlayerDy.framework */ = {isa = PBXFileReference; lastKnownFileType = wrapper.framework; name = KSYMediaPlayerDy.framework; path = ../framework/live/KSYMediaPlayerDy.framework; sourceTree = "<group>"; };
		58C462961D37D376001BC26A /* KSYMediaPlayer.framework */ = {isa = PBXFileReference; lastKnownFileType = wrapper.framework; name = KSYMediaPlayer.framework; path = ../framework/live/KSYMediaPlayer.framework; sourceTree = "<group>"; };
		740BACF11D2227CF00CAD4EB /* KSYPlayerDemoDy.app */ = {isa = PBXFileReference; explicitFileType = wrapper.application; includeInIndex = 0; path = KSYPlayerDemoDy.app; sourceTree = BUILT_PRODUCTS_DIR; };
		740BACF21D2227D000CAD4EB /* KSYPlayerDemoDy-Info.plist */ = {isa = PBXFileReference; lastKnownFileType = text.plist.xml; name = "KSYPlayerDemoDy-Info.plist"; path = "/Users/zengfanping/workdir/ksyun/ksyplayer/ios/KSYPlayerDemo/KSYPlayerDemoDy-Info.plist"; sourceTree = "<absolute>"; };
		7452D2151C198D38006DB5CC /* KSYPlayerVC.h */ = {isa = PBXFileReference; fileEncoding = 4; lastKnownFileType = sourcecode.c.h; path = KSYPlayerVC.h; sourceTree = "<group>"; };
		7452D2161C198D38006DB5CC /* KSYPlayerVC.m */ = {isa = PBXFileReference; fileEncoding = 4; lastKnownFileType = sourcecode.c.objc; path = KSYPlayerVC.m; sourceTree = "<group>"; };
		74B9ED581C158675003149E9 /* KSYPlayerDemo.app */ = {isa = PBXFileReference; explicitFileType = wrapper.application; includeInIndex = 0; path = KSYPlayerDemo.app; sourceTree = BUILT_PRODUCTS_DIR; };
		74B9ED5C1C158675003149E9 /* main.m */ = {isa = PBXFileReference; lastKnownFileType = sourcecode.c.objc; path = main.m; sourceTree = "<group>"; };
		74B9ED5E1C158675003149E9 /* AppDelegate.h */ = {isa = PBXFileReference; lastKnownFileType = sourcecode.c.h; path = AppDelegate.h; sourceTree = "<group>"; };
		74B9ED5F1C158675003149E9 /* AppDelegate.m */ = {isa = PBXFileReference; lastKnownFileType = sourcecode.c.objc; path = AppDelegate.m; sourceTree = "<group>"; };
		74B9ED651C158675003149E9 /* Base */ = {isa = PBXFileReference; lastKnownFileType = file.storyboard; name = Base; path = Base.lproj/Main.storyboard; sourceTree = "<group>"; };
		74B9ED671C158675003149E9 /* Assets.xcassets */ = {isa = PBXFileReference; lastKnownFileType = folder.assetcatalog; path = Assets.xcassets; sourceTree = "<group>"; };
		74B9ED6A1C158675003149E9 /* Base */ = {isa = PBXFileReference; lastKnownFileType = file.storyboard; name = Base; path = Base.lproj/LaunchScreen.storyboard; sourceTree = "<group>"; };
		74B9ED6C1C158675003149E9 /* Info.plist */ = {isa = PBXFileReference; lastKnownFileType = text.plist.xml; path = Info.plist; sourceTree = "<group>"; };
		74B9EE061C158DBA003149E9 /* IJKMediaPlayer.xcodeproj */ = {isa = PBXFileReference; lastKnownFileType = "wrapper.pb-project"; name = IJKMediaPlayer.xcodeproj; path = ../IJKMediaPlayer/IJKMediaPlayer.xcodeproj; sourceTree = "<group>"; };
		74B9EE281C159629003149E9 /* libz.tbd */ = {isa = PBXFileReference; lastKnownFileType = "sourcecode.text-based-dylib-definition"; name = libz.tbd; path = usr/lib/libz.tbd; sourceTree = SDKROOT; };
		74B9EE2A1C159630003149E9 /* libbz2.tbd */ = {isa = PBXFileReference; lastKnownFileType = "sourcecode.text-based-dylib-definition"; name = libbz2.tbd; path = usr/lib/libbz2.tbd; sourceTree = SDKROOT; };
		74B9EE2C1C159638003149E9 /* libstdc++.tbd */ = {isa = PBXFileReference; lastKnownFileType = "sourcecode.text-based-dylib-definition"; name = "libstdc++.tbd"; path = "usr/lib/libstdc++.tbd"; sourceTree = SDKROOT; };
		74B9EE2E1C159643003149E9 /* libstdc++.6.tbd */ = {isa = PBXFileReference; lastKnownFileType = "sourcecode.text-based-dylib-definition"; name = "libstdc++.6.tbd"; path = "usr/lib/libstdc++.6.tbd"; sourceTree = SDKROOT; };
		74B9EE301C159649003149E9 /* VideoToolbox.framework */ = {isa = PBXFileReference; lastKnownFileType = wrapper.framework; name = VideoToolbox.framework; path = System/Library/Frameworks/VideoToolbox.framework; sourceTree = SDKROOT; };
		7C89723C1C461FBC00535BC8 /* SystemConfiguration.framework */ = {isa = PBXFileReference; lastKnownFileType = wrapper.framework; name = SystemConfiguration.framework; path = System/Library/Frameworks/SystemConfiguration.framework; sourceTree = SDKROOT; };
		7C9220B91C984FC9005EF1D1 /* libsqlite3.tbd */ = {isa = PBXFileReference; lastKnownFileType = "sourcecode.text-based-dylib-definition"; name = libsqlite3.tbd; path = usr/lib/libsqlite3.tbd; sourceTree = SDKROOT; };
		955FDFC41CCF3EC300B37F54 /* ViewController.h */ = {isa = PBXFileReference; fileEncoding = 4; lastKnownFileType = sourcecode.c.h; path = ViewController.h; sourceTree = "<group>"; };
		955FDFC51CCF3EC300B37F54 /* ViewController.m */ = {isa = PBXFileReference; fileEncoding = 4; lastKnownFileType = sourcecode.c.objc; path = ViewController.m; sourceTree = "<group>"; };
		95B4A40A1CC085BE00CB6804 /* KSYLiveVC.h */ = {isa = PBXFileReference; fileEncoding = 4; lastKnownFileType = sourcecode.c.h; path = KSYLiveVC.h; sourceTree = "<group>"; };
		95B4A40B1CC085BE00CB6804 /* KSYLiveVC.m */ = {isa = PBXFileReference; fileEncoding = 4; lastKnownFileType = sourcecode.c.objc; path = KSYLiveVC.m; sourceTree = "<group>"; };
		95B4A40C1CC085BE00CB6804 /* KSYSQLite.h */ = {isa = PBXFileReference; fileEncoding = 4; lastKnownFileType = sourcecode.c.h; path = KSYSQLite.h; sourceTree = "<group>"; };
		95B4A40D1CC085BE00CB6804 /* KSYSQLite.m */ = {isa = PBXFileReference; fileEncoding = 4; lastKnownFileType = sourcecode.c.objc; path = KSYSQLite.m; sourceTree = "<group>"; };
		95B4A40E1CC085BE00CB6804 /* KSYSQLiteManager.h */ = {isa = PBXFileReference; fileEncoding = 4; lastKnownFileType = sourcecode.c.h; path = KSYSQLiteManager.h; sourceTree = "<group>"; };
		95B4A40F1CC085BE00CB6804 /* KSYSQLiteManager.m */ = {isa = PBXFileReference; fileEncoding = 4; lastKnownFileType = sourcecode.c.objc; path = KSYSQLiteManager.m; sourceTree = "<group>"; };
		95B4A4101CC085BE00CB6804 /* QRViewController.h */ = {isa = PBXFileReference; fileEncoding = 4; lastKnownFileType = sourcecode.c.h; path = QRViewController.h; sourceTree = "<group>"; };
		95B4A4111CC085BE00CB6804 /* QRViewController.m */ = {isa = PBXFileReference; fileEncoding = 4; lastKnownFileType = sourcecode.c.objc; path = QRViewController.m; sourceTree = "<group>"; };
		E328B4D61CCE087400BD31FC /* KSYDBCreater.h */ = {isa = PBXFileReference; fileEncoding = 4; lastKnownFileType = sourcecode.c.h; path = KSYDBCreater.h; sourceTree = "<group>"; };
		E328B4D71CCE087400BD31FC /* KSYDBCreater.m */ = {isa = PBXFileReference; fileEncoding = 4; lastKnownFileType = sourcecode.c.objc; path = KSYDBCreater.m; sourceTree = "<group>"; };
/* End PBXFileReference section */

/* Begin PBXFrameworksBuildPhase section */
		740BACDF1D2227CF00CAD4EB /* Frameworks */ = {
			isa = PBXFrameworksBuildPhase;
			buildActionMask = 2147483647;
			files = (
				58C462931D37D34D001BC26A /* KSYMediaPlayerDy.framework in Frameworks */,
				740BACE21D2227CF00CAD4EB /* libsqlite3.tbd in Frameworks */,
			);
			runOnlyForDeploymentPostprocessing = 0;
		};
		74B9ED551C158675003149E9 /* Frameworks */ = {
			isa = PBXFrameworksBuildPhase;
			buildActionMask = 2147483647;
			files = (
				58C462971D37D376001BC26A /* KSYMediaPlayer.framework in Frameworks */,
				7C9220BA1C984FC9005EF1D1 /* libsqlite3.tbd in Frameworks */,
				7C89723D1C461FBC00535BC8 /* SystemConfiguration.framework in Frameworks */,
				74B9EE311C159649003149E9 /* VideoToolbox.framework in Frameworks */,
				74B9EE2F1C159643003149E9 /* libstdc++.6.tbd in Frameworks */,
				74B9EE2B1C159630003149E9 /* libbz2.tbd in Frameworks */,
				74B9EE291C159629003149E9 /* libz.tbd in Frameworks */,
			);
			runOnlyForDeploymentPostprocessing = 0;
		};
/* End PBXFrameworksBuildPhase section */

/* Begin PBXGroup section */
		74B9ED4F1C158675003149E9 = {
			isa = PBXGroup;
			children = (
				58C462961D37D376001BC26A /* KSYMediaPlayer.framework */,
				58C462941D37D365001BC26A /* KSYMediaPlayerDy.framework */,
				58C462921D37D34D001BC26A /* KSYMediaPlayerDy.framework */,
				74B9EE061C158DBA003149E9 /* IJKMediaPlayer.xcodeproj */,
				74B9ED5A1C158675003149E9 /* KSYPlayerDemo */,
				74B9ED591C158675003149E9 /* Products */,
				740BACF21D2227D000CAD4EB /* KSYPlayerDemoDy-Info.plist */,
			);
			sourceTree = "<group>";
		};
		74B9ED591C158675003149E9 /* Products */ = {
			isa = PBXGroup;
			children = (
				74B9ED581C158675003149E9 /* KSYPlayerDemo.app */,
				740BACF11D2227CF00CAD4EB /* KSYPlayerDemoDy.app */,
			);
			name = Products;
			sourceTree = "<group>";
		};
		74B9ED5A1C158675003149E9 /* KSYPlayerDemo */ = {
			isa = PBXGroup;
			children = (
				955FDFC41CCF3EC300B37F54 /* ViewController.h */,
				955FDFC51CCF3EC300B37F54 /* ViewController.m */,
				95B4A40A1CC085BE00CB6804 /* KSYLiveVC.h */,
				95B4A40B1CC085BE00CB6804 /* KSYLiveVC.m */,
				95B4A40C1CC085BE00CB6804 /* KSYSQLite.h */,
				95B4A40D1CC085BE00CB6804 /* KSYSQLite.m */,
				E328B4D61CCE087400BD31FC /* KSYDBCreater.h */,
				E328B4D71CCE087400BD31FC /* KSYDBCreater.m */,
				95B4A40E1CC085BE00CB6804 /* KSYSQLiteManager.h */,
				95B4A40F1CC085BE00CB6804 /* KSYSQLiteManager.m */,
				95B4A4101CC085BE00CB6804 /* QRViewController.h */,
				95B4A4111CC085BE00CB6804 /* QRViewController.m */,
				7452D2151C198D38006DB5CC /* KSYPlayerVC.h */,
				7452D2161C198D38006DB5CC /* KSYPlayerVC.m */,
				74B9ED5E1C158675003149E9 /* AppDelegate.h */,
				74B9ED5F1C158675003149E9 /* AppDelegate.m */,
				74B9ED641C158675003149E9 /* Main.storyboard */,
				74B9ED671C158675003149E9 /* Assets.xcassets */,
				74B9ED691C158675003149E9 /* LaunchScreen.storyboard */,
				74B9ED6C1C158675003149E9 /* Info.plist */,
				74B9ED5B1C158675003149E9 /* Supporting Files */,
			);
			path = KSYPlayerDemo;
			sourceTree = "<group>";
		};
		74B9ED5B1C158675003149E9 /* Supporting Files */ = {
			isa = PBXGroup;
			children = (
				7C9220B91C984FC9005EF1D1 /* libsqlite3.tbd */,
				7C89723C1C461FBC00535BC8 /* SystemConfiguration.framework */,
				74B9EE301C159649003149E9 /* VideoToolbox.framework */,
				74B9EE2E1C159643003149E9 /* libstdc++.6.tbd */,
				74B9EE2C1C159638003149E9 /* libstdc++.tbd */,
				74B9EE2A1C159630003149E9 /* libbz2.tbd */,
				74B9EE281C159629003149E9 /* libz.tbd */,
				74B9ED5C1C158675003149E9 /* main.m */,
			);
			name = "Supporting Files";
			sourceTree = "<group>";
		};
		74B9EE071C158DBA003149E9 /* Products */ = {
			isa = PBXGroup;
			children = (
				74B9EE131C158DBB003149E9 /* libKSYPlayerCore.a */,
				74B9EE151C158DBB003149E9 /* libKSYMediaPlayerCore.a */,
				74B9EE171C158DBB003149E9 /* KSYMediaPlayer.framework */,
				7461695F1D211F44005941DF /* KSYMediaPlayerDy.framework */,
			);
			name = Products;
			sourceTree = "<group>";
		};
/* End PBXGroup section */

/* Begin PBXNativeTarget section */
		740BACD21D2227CF00CAD4EB /* KSYPlayerDemoDy */ = {
			isa = PBXNativeTarget;
			buildConfigurationList = 740BACEE1D2227CF00CAD4EB /* Build configuration list for PBXNativeTarget "KSYPlayerDemoDy" */;
			buildPhases = (
				740BACD51D2227CF00CAD4EB /* Sources */,
				740BACDF1D2227CF00CAD4EB /* Frameworks */,
				740BACE81D2227CF00CAD4EB /* Resources */,
				740BACEC1D2227CF00CAD4EB /* Embed Frameworks */,
			);
			buildRules = (
			);
			dependencies = (
				740BACD31D2227CF00CAD4EB /* PBXTargetDependency */,
			);
			name = KSYPlayerDemoDy;
			productName = KSYPlayerDemo;
			productReference = 740BACF11D2227CF00CAD4EB /* KSYPlayerDemoDy.app */;
			productType = "com.apple.product-type.application";
		};
		74B9ED571C158675003149E9 /* KSYPlayerDemo */ = {
			isa = PBXNativeTarget;
			buildConfigurationList = 74B9ED6F1C158675003149E9 /* Build configuration list for PBXNativeTarget "KSYPlayerDemo" */;
			buildPhases = (
				74B9ED541C158675003149E9 /* Sources */,
				74B9ED551C158675003149E9 /* Frameworks */,
				74B9ED561C158675003149E9 /* Resources */,
				7461698C1D214AE5005941DF /* Embed Frameworks */,
			);
			buildRules = (
			);
			dependencies = (
				740BAD001D22290800CAD4EB /* PBXTargetDependency */,
			);
			name = KSYPlayerDemo;
			productName = KSYPlayerDemo;
			productReference = 74B9ED581C158675003149E9 /* KSYPlayerDemo.app */;
			productType = "com.apple.product-type.application";
		};
/* End PBXNativeTarget section */

/* Begin PBXProject section */
		74B9ED501C158675003149E9 /* Project object */ = {
			isa = PBXProject;
			attributes = {
				LastUpgradeCheck = 0710;
				ORGANIZATIONNAME = kingsoft;
				TargetAttributes = {
					740BACD21D2227CF00CAD4EB = {
						DevelopmentTeam = ZGJ54Q7R45;
					};
					74B9ED571C158675003149E9 = {
						CreatedOnToolsVersion = 7.1.1;
						DevelopmentTeam = PL4ALT6BMK;
					};
				};
			};
			buildConfigurationList = 74B9ED531C158675003149E9 /* Build configuration list for PBXProject "KSYPlayerDemo" */;
			compatibilityVersion = "Xcode 3.2";
			developmentRegion = English;
			hasScannedForEncodings = 0;
			knownRegions = (
				en,
				Base,
			);
			mainGroup = 74B9ED4F1C158675003149E9;
			productRefGroup = 74B9ED591C158675003149E9 /* Products */;
			projectDirPath = "";
			projectReferences = (
				{
					ProductGroup = 74B9EE071C158DBA003149E9 /* Products */;
					ProjectRef = 74B9EE061C158DBA003149E9 /* IJKMediaPlayer.xcodeproj */;
				},
			);
			projectRoot = "";
			targets = (
				74B9ED571C158675003149E9 /* KSYPlayerDemo */,
				740BACD21D2227CF00CAD4EB /* KSYPlayerDemoDy */,
			);
		};
/* End PBXProject section */

/* Begin PBXReferenceProxy section */
		7461695F1D211F44005941DF /* KSYMediaPlayerDy.framework */ = {
			isa = PBXReferenceProxy;
			fileType = wrapper.framework;
			path = KSYMediaPlayerDy.framework;
			remoteRef = 7461695E1D211F44005941DF /* PBXContainerItemProxy */;
			sourceTree = BUILT_PRODUCTS_DIR;
		};
		74B9EE131C158DBB003149E9 /* libKSYPlayerCore.a */ = {
			isa = PBXReferenceProxy;
			fileType = archive.ar;
			path = libKSYPlayerCore.a;
			remoteRef = 74B9EE121C158DBB003149E9 /* PBXContainerItemProxy */;
			sourceTree = BUILT_PRODUCTS_DIR;
		};
		74B9EE151C158DBB003149E9 /* libKSYMediaPlayerCore.a */ = {
			isa = PBXReferenceProxy;
			fileType = archive.ar;
			path = libKSYMediaPlayerCore.a;
			remoteRef = 74B9EE141C158DBB003149E9 /* PBXContainerItemProxy */;
			sourceTree = BUILT_PRODUCTS_DIR;
		};
		74B9EE171C158DBB003149E9 /* KSYMediaPlayer.framework */ = {
			isa = PBXReferenceProxy;
			fileType = wrapper.framework;
			path = KSYMediaPlayer.framework;
			remoteRef = 74B9EE161C158DBB003149E9 /* PBXContainerItemProxy */;
			sourceTree = BUILT_PRODUCTS_DIR;
		};
/* End PBXReferenceProxy section */

/* Begin PBXResourcesBuildPhase section */
		740BACE81D2227CF00CAD4EB /* Resources */ = {
			isa = PBXResourcesBuildPhase;
			buildActionMask = 2147483647;
			files = (
				740BACE91D2227CF00CAD4EB /* LaunchScreen.storyboard in Resources */,
				740BACEA1D2227CF00CAD4EB /* Assets.xcassets in Resources */,
				740BACEB1D2227CF00CAD4EB /* Main.storyboard in Resources */,
			);
			runOnlyForDeploymentPostprocessing = 0;
		};
		74B9ED561C158675003149E9 /* Resources */ = {
			isa = PBXResourcesBuildPhase;
			buildActionMask = 2147483647;
			files = (
				74B9ED6B1C158675003149E9 /* LaunchScreen.storyboard in Resources */,
				74B9ED681C158675003149E9 /* Assets.xcassets in Resources */,
				74B9ED661C158675003149E9 /* Main.storyboard in Resources */,
			);
			runOnlyForDeploymentPostprocessing = 0;
		};
/* End PBXResourcesBuildPhase section */

/* Begin PBXSourcesBuildPhase section */
		740BACD51D2227CF00CAD4EB /* Sources */ = {
			isa = PBXSourcesBuildPhase;
			buildActionMask = 2147483647;
			files = (
				740BACD61D2227CF00CAD4EB /* ViewController.m in Sources */,
				740BACD71D2227CF00CAD4EB /* QRViewController.m in Sources */,
				740BACD81D2227CF00CAD4EB /* KSYSQLite.m in Sources */,
				740BACD91D2227CF00CAD4EB /* KSYPlayerVC.m in Sources */,
				740BACDA1D2227CF00CAD4EB /* AppDelegate.m in Sources */,
				740BACDB1D2227CF00CAD4EB /* KSYDBCreater.m in Sources */,
				740BACDC1D2227CF00CAD4EB /* KSYSQLiteManager.m in Sources */,
				740BACDD1D2227CF00CAD4EB /* KSYLiveVC.m in Sources */,
				740BACDE1D2227CF00CAD4EB /* main.m in Sources */,
			);
			runOnlyForDeploymentPostprocessing = 0;
		};
		74B9ED541C158675003149E9 /* Sources */ = {
			isa = PBXSourcesBuildPhase;
			buildActionMask = 2147483647;
			files = (
				955FDFC61CCF3EC300B37F54 /* ViewController.m in Sources */,
				95B4A4151CC085BE00CB6804 /* QRViewController.m in Sources */,
				95B4A4131CC085BE00CB6804 /* KSYSQLite.m in Sources */,
				7452D2171C198D38006DB5CC /* KSYPlayerVC.m in Sources */,
				74B9ED601C158675003149E9 /* AppDelegate.m in Sources */,
				E328B4D81CCE087400BD31FC /* KSYDBCreater.m in Sources */,
				95B4A4141CC085BE00CB6804 /* KSYSQLiteManager.m in Sources */,
				95B4A4121CC085BE00CB6804 /* KSYLiveVC.m in Sources */,
				74B9ED5D1C158675003149E9 /* main.m in Sources */,
			);
			runOnlyForDeploymentPostprocessing = 0;
		};
/* End PBXSourcesBuildPhase section */

/* Begin PBXTargetDependency section */
		740BACD31D2227CF00CAD4EB /* PBXTargetDependency */ = {
			isa = PBXTargetDependency;
			name = KSYMediaDynamic;
			targetProxy = 740BACD41D2227CF00CAD4EB /* PBXContainerItemProxy */;
		};
		740BAD001D22290800CAD4EB /* PBXTargetDependency */ = {
			isa = PBXTargetDependency;
			name = KSYMediaPlayer;
			targetProxy = 740BACFF1D22290800CAD4EB /* PBXContainerItemProxy */;
		};
/* End PBXTargetDependency section */

/* Begin PBXVariantGroup section */
		74B9ED641C158675003149E9 /* Main.storyboard */ = {
			isa = PBXVariantGroup;
			children = (
				74B9ED651C158675003149E9 /* Base */,
			);
			name = Main.storyboard;
			sourceTree = "<group>";
		};
		74B9ED691C158675003149E9 /* LaunchScreen.storyboard */ = {
			isa = PBXVariantGroup;
			children = (
				74B9ED6A1C158675003149E9 /* Base */,
			);
			name = LaunchScreen.storyboard;
			sourceTree = "<group>";
		};
/* End PBXVariantGroup section */

/* Begin XCBuildConfiguration section */
		740BACEF1D2227CF00CAD4EB /* Debug */ = {
			isa = XCBuildConfiguration;
			buildSettings = {
				ASSETCATALOG_COMPILER_APPICON_NAME = AppIcon;
				CODE_SIGN_IDENTITY = "iPhone Developer";
				"CODE_SIGN_IDENTITY[sdk=iphoneos*]" = "iPhone Developer";
				ENABLE_BITCODE = YES;
				FRAMEWORK_SEARCH_PATHS = ../framework/live;
				GCC_PREPROCESSOR_DEFINITIONS = (
					"DEBUG=1",
					"$(inherited)",
					"USING_DYNAMIC_FRAMEWORK=1",
				);
				HEADER_SEARCH_PATHS = "";
				INFOPLIST_FILE = "KSYPlayerDemoDy-Info.plist";
				IPHONEOS_DEPLOYMENT_TARGET = 8.0;
				LD_RUNPATH_SEARCH_PATHS = "$(inherited) @executable_path/Frameworks";
				LIBRARY_SEARCH_PATHS = (
					"$(inherited)",
					"$(PROJECT_DIR)/KSYPlayerDemo",
				);
				OTHER_LDFLAGS = "-all_load";
				PRODUCT_BUNDLE_IDENTIFIER = com.ksyun.media.ios.KSYPlayerDemo;
				PRODUCT_NAME = "$(TARGET_NAME)";
				PROVISIONING_PROFILE = "";
			};
			name = Debug;
		};
		740BACF01D2227CF00CAD4EB /* Release */ = {
			isa = XCBuildConfiguration;
			buildSettings = {
				ASSETCATALOG_COMPILER_APPICON_NAME = AppIcon;
				CODE_SIGN_IDENTITY = "iPhone Developer";
				"CODE_SIGN_IDENTITY[sdk=iphoneos*]" = "iPhone Developer";
				ENABLE_BITCODE = YES;
				FRAMEWORK_SEARCH_PATHS = ../framework/live;
				GCC_PREPROCESSOR_DEFINITIONS = "USING_DYNAMIC_FRAMEWORK=1";
				HEADER_SEARCH_PATHS = "";
				INFOPLIST_FILE = "KSYPlayerDemoDy-Info.plist";
				IPHONEOS_DEPLOYMENT_TARGET = 8.0;
				LD_RUNPATH_SEARCH_PATHS = "$(inherited) @executable_path/Frameworks";
				LIBRARY_SEARCH_PATHS = (
					"$(inherited)",
					"$(PROJECT_DIR)/KSYPlayerDemo",
				);
				OTHER_LDFLAGS = "-all_load";
				PRODUCT_BUNDLE_IDENTIFIER = com.ksyun.media.ios.KSYPlayerDemo;
				PRODUCT_NAME = "$(TARGET_NAME)";
				PROVISIONING_PROFILE = "";
			};
			name = Release;
		};
		74B9ED6D1C158675003149E9 /* Debug */ = {
			isa = XCBuildConfiguration;
			buildSettings = {
				ALWAYS_SEARCH_USER_PATHS = NO;
				CLANG_CXX_LANGUAGE_STANDARD = "gnu++0x";
				CLANG_CXX_LIBRARY = "libc++";
				CLANG_ENABLE_MODULES = YES;
				CLANG_ENABLE_OBJC_ARC = YES;
				CLANG_WARN_BOOL_CONVERSION = YES;
				CLANG_WARN_CONSTANT_CONVERSION = YES;
				CLANG_WARN_DIRECT_OBJC_ISA_USAGE = YES_ERROR;
				CLANG_WARN_EMPTY_BODY = YES;
				CLANG_WARN_ENUM_CONVERSION = YES;
				CLANG_WARN_INT_CONVERSION = YES;
				CLANG_WARN_OBJC_ROOT_CLASS = YES_ERROR;
				CLANG_WARN_UNREACHABLE_CODE = YES;
				CLANG_WARN__DUPLICATE_METHOD_MATCH = YES;
				"CODE_SIGN_IDENTITY[sdk=iphoneos*]" = "iPhone Developer";
				COPY_PHASE_STRIP = NO;
				DEBUG_INFORMATION_FORMAT = dwarf;
				ENABLE_STRICT_OBJC_MSGSEND = YES;
				ENABLE_TESTABILITY = YES;
				GCC_C_LANGUAGE_STANDARD = gnu99;
				GCC_DYNAMIC_NO_PIC = NO;
				GCC_NO_COMMON_BLOCKS = YES;
				GCC_OPTIMIZATION_LEVEL = 0;
				GCC_PREPROCESSOR_DEFINITIONS = (
					"DEBUG=1",
					"$(inherited)",
				);
				GCC_WARN_64_TO_32_BIT_CONVERSION = YES;
				GCC_WARN_ABOUT_RETURN_TYPE = YES_ERROR;
				GCC_WARN_UNDECLARED_SELECTOR = YES;
				GCC_WARN_UNINITIALIZED_AUTOS = YES_AGGRESSIVE;
				GCC_WARN_UNUSED_FUNCTION = YES;
				GCC_WARN_UNUSED_VARIABLE = YES;
				IPHONEOS_DEPLOYMENT_TARGET = 9.1;
				MTL_ENABLE_DEBUG_INFO = YES;
				ONLY_ACTIVE_ARCH = YES;
				OTHER_CFLAGS = "-fembed-bitcode-marker";
				SDKROOT = iphoneos;
			};
			name = Debug;
		};
		74B9ED6E1C158675003149E9 /* Release */ = {
			isa = XCBuildConfiguration;
			buildSettings = {
				ALWAYS_SEARCH_USER_PATHS = NO;
				CLANG_CXX_LANGUAGE_STANDARD = "gnu++0x";
				CLANG_CXX_LIBRARY = "libc++";
				CLANG_ENABLE_MODULES = YES;
				CLANG_ENABLE_OBJC_ARC = YES;
				CLANG_WARN_BOOL_CONVERSION = YES;
				CLANG_WARN_CONSTANT_CONVERSION = YES;
				CLANG_WARN_DIRECT_OBJC_ISA_USAGE = YES_ERROR;
				CLANG_WARN_EMPTY_BODY = YES;
				CLANG_WARN_ENUM_CONVERSION = YES;
				CLANG_WARN_INT_CONVERSION = YES;
				CLANG_WARN_OBJC_ROOT_CLASS = YES_ERROR;
				CLANG_WARN_UNREACHABLE_CODE = YES;
				CLANG_WARN__DUPLICATE_METHOD_MATCH = YES;
				"CODE_SIGN_IDENTITY[sdk=iphoneos*]" = "iPhone Developer";
				COPY_PHASE_STRIP = NO;
				DEBUG_INFORMATION_FORMAT = "dwarf-with-dsym";
				ENABLE_NS_ASSERTIONS = NO;
				ENABLE_STRICT_OBJC_MSGSEND = YES;
				GCC_C_LANGUAGE_STANDARD = gnu99;
				GCC_NO_COMMON_BLOCKS = YES;
				GCC_WARN_64_TO_32_BIT_CONVERSION = YES;
				GCC_WARN_ABOUT_RETURN_TYPE = YES_ERROR;
				GCC_WARN_UNDECLARED_SELECTOR = YES;
				GCC_WARN_UNINITIALIZED_AUTOS = YES_AGGRESSIVE;
				GCC_WARN_UNUSED_FUNCTION = YES;
				GCC_WARN_UNUSED_VARIABLE = YES;
				IPHONEOS_DEPLOYMENT_TARGET = 9.1;
				MTL_ENABLE_DEBUG_INFO = NO;
				OTHER_CFLAGS = "-fembed-bitcode";
				SDKROOT = iphoneos;
				VALIDATE_PRODUCT = YES;
			};
			name = Release;
		};
		74B9ED701C158675003149E9 /* Debug */ = {
			isa = XCBuildConfiguration;
			buildSettings = {
				ASSETCATALOG_COMPILER_APPICON_NAME = AppIcon;
				CODE_SIGN_IDENTITY = "iPhone Developer";
				ENABLE_BITCODE = YES;
				FRAMEWORK_SEARCH_PATHS = ../framework/live;
				HEADER_SEARCH_PATHS = "";
				INFOPLIST_FILE = KSYPlayerDemo/Info.plist;
				IPHONEOS_DEPLOYMENT_TARGET = 8.0;
				LD_RUNPATH_SEARCH_PATHS = "$(inherited) @executable_path/Frameworks";
				LIBRARY_SEARCH_PATHS = (
					"$(inherited)",
					"$(PROJECT_DIR)/KSYPlayerDemo",
					"$(SRCROOT)/../build/universal/lib",
				);
				OTHER_LDFLAGS = "-all_load";
				PRODUCT_BUNDLE_IDENTIFIER = com.ksyun.media.ios.KSYPlayerDemo;
				PRODUCT_NAME = "$(TARGET_NAME)";
			};
			name = Debug;
		};
		74B9ED711C158675003149E9 /* Release */ = {
			isa = XCBuildConfiguration;
			buildSettings = {
				ASSETCATALOG_COMPILER_APPICON_NAME = AppIcon;
				CODE_SIGN_IDENTITY = "iPhone Developer";
				ENABLE_BITCODE = YES;
				FRAMEWORK_SEARCH_PATHS = ../framework/live;
				HEADER_SEARCH_PATHS = "";
				INFOPLIST_FILE = KSYPlayerDemo/Info.plist;
				IPHONEOS_DEPLOYMENT_TARGET = 8.0;
				LD_RUNPATH_SEARCH_PATHS = "$(inherited) @executable_path/Frameworks";
				LIBRARY_SEARCH_PATHS = (
					"$(inherited)",
					"$(PROJECT_DIR)/KSYPlayerDemo",
					"$(SRCROOT)/../build/universal/lib",
				);
				OTHER_LDFLAGS = "-all_load";
				PRODUCT_BUNDLE_IDENTIFIER = com.ksyun.media.ios.KSYPlayerDemo;
				PRODUCT_NAME = "$(TARGET_NAME)";
			};
			name = Release;
		};
/* End XCBuildConfiguration section */

/* Begin XCConfigurationList section */
		740BACEE1D2227CF00CAD4EB /* Build configuration list for PBXNativeTarget "KSYPlayerDemoDy" */ = {
			isa = XCConfigurationList;
			buildConfigurations = (
				740BACEF1D2227CF00CAD4EB /* Debug */,
				740BACF01D2227CF00CAD4EB /* Release */,
			);
			defaultConfigurationIsVisible = 0;
			defaultConfigurationName = Release;
		};
		74B9ED531C158675003149E9 /* Build configuration list for PBXProject "KSYPlayerDemo" */ = {
			isa = XCConfigurationList;
			buildConfigurations = (
				74B9ED6D1C158675003149E9 /* Debug */,
				74B9ED6E1C158675003149E9 /* Release */,
			);
			defaultConfigurationIsVisible = 0;
			defaultConfigurationName = Release;
		};
		74B9ED6F1C158675003149E9 /* Build configuration list for PBXNativeTarget "KSYPlayerDemo" */ = {
			isa = XCConfigurationList;
			buildConfigurations = (
				74B9ED701C158675003149E9 /* Debug */,
				74B9ED711C158675003149E9 /* Release */,
			);
			defaultConfigurationIsVisible = 0;
			defaultConfigurationName = Release;
		};
/* End XCConfigurationList section */
	};
	rootObject = 74B9ED501C158675003149E9 /* Project object */;
}
